
Microsoft Visual Studio Solution File, Format Version 12.00
# Visual Studio Version 17
VisualStudioVersion = 17.13.35919.96 d17.13
MinimumVisualStudioVersion = 10.0.40219.1
Project("{8BC9CEB8-8B4A-11D0-8D11-00A0C91BC942}") = "Six in a row", "Six in a row.vcxproj", "{509EAECF-186F-469E-9568-1612F9E8ABDA}"
EndProject
Global
	GlobalSection(SolutionConfigurationPlatforms) = preSolution
		Debug|x64 = Debug|x64
		Debug|x86 = Debug|x86
		Release|x64 = Release|x64
		Release|x86 = Release|x86
	EndGlobalSection
	GlobalSection(ProjectConfigurationPlatforms) = postSolution
		{509EAECF-186F-469E-9568-1612F9E8ABDA}.Debug|x64.ActiveCfg = Debug|x64
		{509EAECF-186F-469E-9568-1612F9E8ABDA}.Debug|x64.Build.0 = Debug|x64
		{509EAECF-186F-469E-9568-1612F9E8ABDA}.Debug|x86.ActiveCfg = Debug|Win32
		{509EAECF-186F-469E-9568-1612F9E8ABDA}.Debug|x86.Build.0 = Debug|Win32
		{509EAECF-186F-469E-9568-1612F9E8ABDA}.Release|x64.ActiveCfg = Release|x64
		{509EAECF-186F-469E-9568-1612F9E8ABDA}.Release|x64.Build.0 = Release|x64
		{509EAECF-186F-469E-9568-1612F9E8ABDA}.Release|x86.ActiveCfg = Release|Win32
		{509EAECF-186F-469E-9568-1612F9E8ABDA}.Release|x86.Build.0 = Release|Win32
	EndGlobalSection
	GlobalSection(SolutionProperties) = preSolution
		HideSolutionNode = FALSE
	EndGlobalSection
	GlobalSection(ExtensibilityGlobals) = postSolution
		SolutionGuid = {C9FF5F72-A476-4693-9413-DBDE79611CC0}
	EndGlobalSection
EndGlobal
